
Microsoft Visual Studio Solution File, Format Version 12.00
# Visual Studio Version 16
VisualStudioVersion = 16.0.31402.337
MinimumVisualStudioVersion = 10.0.40219.1
Project("{FAE04EC0-301F-11D3-BF4B-00C04F79EFBC}") = "MyUtility", "MyUtility\MyUtility.csproj", "{74466DFD-CB3B-4846-BCD3-1DD345AC46F4}"
EndProject
Project("{FAE04EC0-301F-11D3-BF4B-00C04F79EFBC}") = "Games", "Games\Games.csproj", "{C87BE759-B7F1-4FE6-9600-0FC71CB6EB40}"
EndProject
Global
	GlobalSection(SolutionConfigurationPlatforms) = preSolution
		Debug|Any CPU = Debug|Any CPU
		Release|Any CPU = Release|Any CPU
	EndGlobalSection
	GlobalSection(ProjectConfigurationPlatforms) = postSolution
		{74466DFD-CB3B-4846-BCD3-1DD345AC46F4}.Debug|Any CPU.ActiveCfg = Debug|Any CPU
		{74466DFD-CB3B-4846-BCD3-1DD345AC46F4}.Debug|Any CPU.Build.0 = Debug|Any CPU
		{74466DFD-CB3B-4846-BCD3-1DD345AC46F4}.Release|Any CPU.ActiveCfg = Release|Any CPU
		{74466DFD-CB3B-4846-BCD3-1DD345AC46F4}.Release|Any CPU.Build.0 = Release|Any CPU
		{C87BE759-B7F1-4FE6-9600-0FC71CB6EB40}.Debug|Any CPU.ActiveCfg = Debug|Any CPU
		{C87BE759-B7F1-4FE6-9600-0FC71CB6EB40}.Debug|Any CPU.Build.0 = Debug|Any CPU
		{C87BE759-B7F1-4FE6-9600-0FC71CB6EB40}.Release|Any CPU.ActiveCfg = Release|Any CPU
		{C87BE759-B7F1-4FE6-9600-0FC71CB6EB40}.Release|Any CPU.Build.0 = Release|Any CPU
	EndGlobalSection
	GlobalSection(SolutionProperties) = preSolution
		HideSolutionNode = FALSE
	EndGlobalSection
	GlobalSection(ExtensibilityGlobals) = postSolution
		SolutionGuid = {A3F7049A-6E25-4D14-A53D-A00A50489FFB}
	EndGlobalSection
EndGlobal
